
Microsoft Visual Studio Solution File, Format Version 12.00
# Visual Studio Version 16
VisualStudioVersion = 16.0.808.3
MinimumVisualStudioVersion = 10.0.40219.1
Project("{FAE04EC0-301F-11D3-BF4B-00C04F79EFBC}") = "InventoryApp", "InventoryApp\InventoryApp.csproj", "{514853A6-0871-4271-AF60-1E8B253C38EC}"
EndProject
Project("{FAE04EC0-301F-11D3-BF4B-00C04F79EFBC}") = "InventoryApp.Tests", "InventoryApp.Tests\InventoryApp.Tests.csproj", "{C118B19B-1595-473D-8EA0-4C103D5A67EC}"
EndProject
Project("{FAE04EC0-301F-11D3-BF4B-00C04F79EFBC}") = "InventoryAPI", "InventoryAPI\InventoryAPI.csproj", "{4706FC6D-B3E6-49E4-808E-7A99DA7F8BD5}"
EndProject
Project("{2150E333-8FDC-42A3-9474-1A3956D46DE8}") = "Solution Items", "Solution Items", "{1F6EBFD0-9D68-48FC-88AF-1FBD1D4D97F5}"
	ProjectSection(SolutionItems) = preProject
		.gitignore = .gitignore
	EndProjectSection
EndProject
Global
	GlobalSection(SolutionConfigurationPlatforms) = preSolution
		Debug|Any CPU = Debug|Any CPU
		Release|Any CPU = Release|Any CPU
	EndGlobalSection
	GlobalSection(ProjectConfigurationPlatforms) = postSolution
		{514853A6-0871-4271-AF60-1E8B253C38EC}.Debug|Any CPU.ActiveCfg = Debug|Any CPU
		{514853A6-0871-4271-AF60-1E8B253C38EC}.Debug|Any CPU.Build.0 = Debug|Any CPU
		{514853A6-0871-4271-AF60-1E8B253C38EC}.Release|Any CPU.ActiveCfg = Release|Any CPU
		{514853A6-0871-4271-AF60-1E8B253C38EC}.Release|Any CPU.Build.0 = Release|Any CPU
		{C118B19B-1595-473D-8EA0-4C103D5A67EC}.Debug|Any CPU.ActiveCfg = Debug|Any CPU
		{C118B19B-1595-473D-8EA0-4C103D5A67EC}.Debug|Any CPU.Build.0 = Debug|Any CPU
		{C118B19B-1595-473D-8EA0-4C103D5A67EC}.Release|Any CPU.ActiveCfg = Release|Any CPU
		{C118B19B-1595-473D-8EA0-4C103D5A67EC}.Release|Any CPU.Build.0 = Release|Any CPU
		{4706FC6D-B3E6-49E4-808E-7A99DA7F8BD5}.Debug|Any CPU.ActiveCfg = Debug|Any CPU
		{4706FC6D-B3E6-49E4-808E-7A99DA7F8BD5}.Debug|Any CPU.Build.0 = Debug|Any CPU
		{4706FC6D-B3E6-49E4-808E-7A99DA7F8BD5}.Release|Any CPU.ActiveCfg = Release|Any CPU
		{4706FC6D-B3E6-49E4-808E-7A99DA7F8BD5}.Release|Any CPU.Build.0 = Release|Any CPU
	EndGlobalSection
	GlobalSection(SolutionProperties) = preSolution
		HideSolutionNode = FALSE
	EndGlobalSection
	GlobalSection(ExtensibilityGlobals) = postSolution
		SolutionGuid = {FF7C4839-DB20-41F6-9C63-D207962D6263}
	EndGlobalSection
EndGlobal
